
Microsoft Visual Studio Solution File, Format Version 12.00
# Visual Studio Version 17
VisualStudioVersion = 17.8.34408.163
MinimumVisualStudioVersion = 10.0.40219.1
Project("{FAE04EC0-301F-11D3-BF4B-00C04F79EFBC}") = "MoreSettings", "MoreSettings.csproj", "{BA9B4ADF-0A47-430D-82EF-63130009AA2F}"
EndProject
Global
	GlobalSection(SolutionConfigurationPlatforms) = preSolution
		Debug|Any CPU = Debug|Any CPU
		Release|Any CPU = Release|Any CPU
	EndGlobalSection
	GlobalSection(ProjectConfigurationPlatforms) = postSolution
		{BA9B4ADF-0A47-430D-82EF-63130009AA2F}.Debug|Any CPU.ActiveCfg = Debug|Any CPU
		{BA9B4ADF-0A47-430D-82EF-63130009AA2F}.Debug|Any CPU.Build.0 = Debug|Any CPU
		{BA9B4ADF-0A47-430D-82EF-63130009AA2F}.Release|Any CPU.ActiveCfg = Release|Any CPU
		{BA9B4ADF-0A47-430D-82EF-63130009AA2F}.Release|Any CPU.Build.0 = Release|Any CPU
	EndGlobalSection
	GlobalSection(SolutionProperties) = preSolution
		HideSolutionNode = FALSE
	EndGlobalSection
	GlobalSection(ExtensibilityGlobals) = postSolution
		SolutionGuid = {992DA5C4-C9C0-4330-A860-2289C8F3FBE1}
	EndGlobalSection
EndGlobal
